
Microsoft Visual Studio Solution File, Format Version 12.00
# Visual Studio Version 16
VisualStudioVersion = 16.0.30002.166
MinimumVisualStudioVersion = 10.0.40219.1
Project("{FAE04EC0-301F-11D3-BF4B-00C04F79EFBC}") = "WindowsFormsApp1", "WindowsFormsApp1\WindowsFormsApp1.csproj", "{E7E731CD-A91D-4488-8DA1-8C30961B7DFE}"
EndProject
Global
	GlobalSection(SolutionConfigurationPlatforms) = preSolution
		Debug|Any CPU = Debug|Any CPU
		Release|Any CPU = Release|Any CPU
	EndGlobalSection
	GlobalSection(ProjectConfigurationPlatforms) = postSolution
		{E7E731CD-A91D-4488-8DA1-8C30961B7DFE}.Debug|Any CPU.ActiveCfg = Debug|Any CPU
		{E7E731CD-A91D-4488-8DA1-8C30961B7DFE}.Debug|Any CPU.Build.0 = Debug|Any CPU
		{E7E731CD-A91D-4488-8DA1-8C30961B7DFE}.Release|Any CPU.ActiveCfg = Release|Any CPU
		{E7E731CD-A91D-4488-8DA1-8C30961B7DFE}.Release|Any CPU.Build.0 = Release|Any CPU
	EndGlobalSection
	GlobalSection(SolutionProperties) = preSolution
		HideSolutionNode = FALSE
	EndGlobalSection
	GlobalSection(ExtensibilityGlobals) = postSolution
		SolutionGuid = {7590856E-A04A-4FAC-AD68-27346F41427F}
	EndGlobalSection
EndGlobal
